
Microsoft Visual Studio Solution File, Format Version 12.00
# Visual Studio Version 16
VisualStudioVersion = 16.0.29806.167
MinimumVisualStudioVersion = 10.0.40219.1
Project("{FAE04EC0-301F-11D3-BF4B-00C04F79EFBC}") = "SocialXray", "SocialXray.csproj", "{122F4201-EC35-4BD3-A1E3-2E1B42024A9D}"
EndProject
Global
	GlobalSection(SolutionConfigurationPlatforms) = preSolution
		Debug|Any CPU = Debug|Any CPU
		Release|Any CPU = Release|Any CPU
	EndGlobalSection
	GlobalSection(ProjectConfigurationPlatforms) = postSolution
		{122F4201-EC35-4BD3-A1E3-2E1B42024A9D}.Debug|Any CPU.ActiveCfg = Debug|Any CPU
		{122F4201-EC35-4BD3-A1E3-2E1B42024A9D}.Debug|Any CPU.Build.0 = Debug|Any CPU
		{122F4201-EC35-4BD3-A1E3-2E1B42024A9D}.Release|Any CPU.ActiveCfg = Release|Any CPU
		{122F4201-EC35-4BD3-A1E3-2E1B42024A9D}.Release|Any CPU.Build.0 = Release|Any CPU
	EndGlobalSection
	GlobalSection(SolutionProperties) = preSolution
		HideSolutionNode = FALSE
	EndGlobalSection
	GlobalSection(ExtensibilityGlobals) = postSolution
		SolutionGuid = {7FCAC6A7-05E7-410D-9448-D2F7042237A0}
	EndGlobalSection
EndGlobal
